
Microsoft Visual Studio Solution File, Format Version 12.00
# Visual Studio Version 17
VisualStudioVersion = 17.10.35122.118
MinimumVisualStudioVersion = 10.0.40219.1
Project("{FAE04EC0-301F-11D3-BF4B-00C04F79EFBC}") = "B6_MVVM", "B6_MVVM\B6_MVVM.csproj", "{2D2D7D84-91A4-4225-906A-E449B568C9E9}"
EndProject
Project("{9A19103F-16F7-4668-BE54-9A1E7A4F7556}") = "BankMVVM", "..\BankMVVM\BankMVVM.csproj", "{18F6EAC8-D104-4B4F-8DE5-592E8F757B50}"
EndProject
Project("{9A19103F-16F7-4668-BE54-9A1E7A4F7556}") = "WpfQLNV", "..\WpfQLNV\WpfQLNV.csproj", "{7D80A5A2-13FB-4D2E-BFC9-E4BA964F6983}"
EndProject
Global
	GlobalSection(SolutionConfigurationPlatforms) = preSolution
		Debug|Any CPU = Debug|Any CPU
		Release|Any CPU = Release|Any CPU
	EndGlobalSection
	GlobalSection(ProjectConfigurationPlatforms) = postSolution
		{2D2D7D84-91A4-4225-906A-E449B568C9E9}.Debug|Any CPU.ActiveCfg = Debug|Any CPU
		{2D2D7D84-91A4-4225-906A-E449B568C9E9}.Debug|Any CPU.Build.0 = Debug|Any CPU
		{2D2D7D84-91A4-4225-906A-E449B568C9E9}.Release|Any CPU.ActiveCfg = Release|Any CPU
		{2D2D7D84-91A4-4225-906A-E449B568C9E9}.Release|Any CPU.Build.0 = Release|Any CPU
		{18F6EAC8-D104-4B4F-8DE5-592E8F757B50}.Debug|Any CPU.ActiveCfg = Debug|Any CPU
		{18F6EAC8-D104-4B4F-8DE5-592E8F757B50}.Debug|Any CPU.Build.0 = Debug|Any CPU
		{18F6EAC8-D104-4B4F-8DE5-592E8F757B50}.Release|Any CPU.ActiveCfg = Release|Any CPU
		{18F6EAC8-D104-4B4F-8DE5-592E8F757B50}.Release|Any CPU.Build.0 = Release|Any CPU
		{7D80A5A2-13FB-4D2E-BFC9-E4BA964F6983}.Debug|Any CPU.ActiveCfg = Debug|Any CPU
		{7D80A5A2-13FB-4D2E-BFC9-E4BA964F6983}.Debug|Any CPU.Build.0 = Debug|Any CPU
		{7D80A5A2-13FB-4D2E-BFC9-E4BA964F6983}.Release|Any CPU.ActiveCfg = Release|Any CPU
		{7D80A5A2-13FB-4D2E-BFC9-E4BA964F6983}.Release|Any CPU.Build.0 = Release|Any CPU
	EndGlobalSection
	GlobalSection(SolutionProperties) = preSolution
		HideSolutionNode = FALSE
	EndGlobalSection
	GlobalSection(ExtensibilityGlobals) = postSolution
		SolutionGuid = {02E82F7E-8996-4974-90C5-C8A8F8815F6D}
	EndGlobalSection
EndGlobal
