
Microsoft Visual Studio Solution File, Format Version 12.00
# Visual Studio Version 17
VisualStudioVersion = 17.14.36414.22
MinimumVisualStudioVersion = 10.0.40219.1
Project("{FAE04EC0-301F-11D3-BF4B-00C04F79EFBC}") = "Windows-XAML-WPF", "Windows-XAML-WPF\Windows-XAML-WPF.csproj", "{FA186DA9-F5E8-4F04-8CB0-624252288745}"
EndProject
Project("{FAE04EC0-301F-11D3-BF4B-00C04F79EFBC}") = "TextBlock_WPF", "TextBlock_WPF\TextBlock_WPF.csproj", "{00EF01A2-799C-4134-9FFC-B8D57859C6FE}"
EndProject
Project("{FAE04EC0-301F-11D3-BF4B-00C04F79EFBC}") = "TextBlock_Inlines", "TextBlock_Inlines\TextBlock_Inlines.csproj", "{26C38C7C-327C-49C8-8176-EA3FCFC7584F}"
EndProject
Project("{FAE04EC0-301F-11D3-BF4B-00C04F79EFBC}") = "Button_WPF", "Button_WPF\Button_WPF.csproj", "{341345B0-C7D7-4DE6-97CD-F930C78903C8}"
EndProject
Project("{FAE04EC0-301F-11D3-BF4B-00C04F79EFBC}") = "TextBox_WPF", "TextBox_WPF\TextBox_WPF.csproj", "{D19E06B6-845C-4230-AC75-1D83EED45151}"
EndProject
Project("{FAE04EC0-301F-11D3-BF4B-00C04F79EFBC}") = "Padding_WPF", "Padding_WPF\Padding_WPF.csproj", "{F4819257-6188-45DA-9F51-BE4223A8CA21}"
EndProject
Project("{FAE04EC0-301F-11D3-BF4B-00C04F79EFBC}") = "Binding_WPF", "Binding_WPF\Binding_WPF.csproj", "{BF8F0D71-01A4-4E33-8CF7-09D5804F4223}"
EndProject
Project("{FAE04EC0-301F-11D3-BF4B-00C04F79EFBC}") = "Grid_WPF", "Grid_WPF\Grid_WPF.csproj", "{F3209AD5-2EA6-4F66-9146-29B21E516E6B}"
EndProject
Project("{FAE04EC0-301F-11D3-BF4B-00C04F79EFBC}") = "Margin_WPF", "Margin_WPF\Margin_WPF.csproj", "{1CDDEE69-4BB8-4028-AB74-31B36435B8CB}"
EndProject
Project("{FAE04EC0-301F-11D3-BF4B-00C04F79EFBC}") = "StackPanel_WPF", "StackPanel_WPF\StackPanel_WPF.csproj", "{21E8D2C5-C8F5-44FA-AB53-C885D3E94EA7}"
EndProject
Project("{FAE04EC0-301F-11D3-BF4B-00C04F79EFBC}") = "WrapPanel_WPF", "WrapPanel_WPF\WrapPanel_WPF.csproj", "{8DA7F010-AB0A-4FC6-BE8D-16DFFB7B186C}"
EndProject
Project("{FAE04EC0-301F-11D3-BF4B-00C04F79EFBC}") = "DocKPanel_WPF", "DocKPanel_WPF\DocKPanel_WPF.csproj", "{1BAAFBF3-DA87-45F5-B492-B1F7393B9BEB}"
EndProject
Project("{FAE04EC0-301F-11D3-BF4B-00C04F79EFBC}") = "Canvas_WPF", "Canvas_WPF\Canvas_WPF.csproj", "{144D25FF-CB3E-4C11-8D1B-DD7AC4ACA0C8}"
EndProject
Project("{FAE04EC0-301F-11D3-BF4B-00C04F79EFBC}") = "Border_WPF", "Border_WPF\Border_WPF.csproj", "{24EEA433-01E8-439D-8B70-69F8B3F875CB}"
EndProject
Global
	GlobalSection(SolutionConfigurationPlatforms) = preSolution
		Debug|Any CPU = Debug|Any CPU
		Release|Any CPU = Release|Any CPU
	EndGlobalSection
	GlobalSection(ProjectConfigurationPlatforms) = postSolution
		{FA186DA9-F5E8-4F04-8CB0-624252288745}.Debug|Any CPU.ActiveCfg = Debug|Any CPU
		{FA186DA9-F5E8-4F04-8CB0-624252288745}.Debug|Any CPU.Build.0 = Debug|Any CPU
		{FA186DA9-F5E8-4F04-8CB0-624252288745}.Release|Any CPU.ActiveCfg = Release|Any CPU
		{FA186DA9-F5E8-4F04-8CB0-624252288745}.Release|Any CPU.Build.0 = Release|Any CPU
		{00EF01A2-799C-4134-9FFC-B8D57859C6FE}.Debug|Any CPU.ActiveCfg = Debug|Any CPU
		{00EF01A2-799C-4134-9FFC-B8D57859C6FE}.Debug|Any CPU.Build.0 = Debug|Any CPU
		{00EF01A2-799C-4134-9FFC-B8D57859C6FE}.Release|Any CPU.ActiveCfg = Release|Any CPU
		{00EF01A2-799C-4134-9FFC-B8D57859C6FE}.Release|Any CPU.Build.0 = Release|Any CPU
		{26C38C7C-327C-49C8-8176-EA3FCFC7584F}.Debug|Any CPU.ActiveCfg = Debug|Any CPU
		{26C38C7C-327C-49C8-8176-EA3FCFC7584F}.Debug|Any CPU.Build.0 = Debug|Any CPU
		{26C38C7C-327C-49C8-8176-EA3FCFC7584F}.Release|Any CPU.ActiveCfg = Release|Any CPU
		{26C38C7C-327C-49C8-8176-EA3FCFC7584F}.Release|Any CPU.Build.0 = Release|Any CPU
		{341345B0-C7D7-4DE6-97CD-F930C78903C8}.Debug|Any CPU.ActiveCfg = Debug|Any CPU
		{341345B0-C7D7-4DE6-97CD-F930C78903C8}.Debug|Any CPU.Build.0 = Debug|Any CPU
		{341345B0-C7D7-4DE6-97CD-F930C78903C8}.Release|Any CPU.ActiveCfg = Release|Any CPU
		{341345B0-C7D7-4DE6-97CD-F930C78903C8}.Release|Any CPU.Build.0 = Release|Any CPU
		{D19E06B6-845C-4230-AC75-1D83EED45151}.Debug|Any CPU.ActiveCfg = Debug|Any CPU
		{D19E06B6-845C-4230-AC75-1D83EED45151}.Debug|Any CPU.Build.0 = Debug|Any CPU
		{D19E06B6-845C-4230-AC75-1D83EED45151}.Release|Any CPU.ActiveCfg = Release|Any CPU
		{D19E06B6-845C-4230-AC75-1D83EED45151}.Release|Any CPU.Build.0 = Release|Any CPU
		{F4819257-6188-45DA-9F51-BE4223A8CA21}.Debug|Any CPU.ActiveCfg = Debug|Any CPU
		{F4819257-6188-45DA-9F51-BE4223A8CA21}.Debug|Any CPU.Build.0 = Debug|Any CPU
		{F4819257-6188-45DA-9F51-BE4223A8CA21}.Release|Any CPU.ActiveCfg = Release|Any CPU
		{F4819257-6188-45DA-9F51-BE4223A8CA21}.Release|Any CPU.Build.0 = Release|Any CPU
		{BF8F0D71-01A4-4E33-8CF7-09D5804F4223}.Debug|Any CPU.ActiveCfg = Debug|Any CPU
		{BF8F0D71-01A4-4E33-8CF7-09D5804F4223}.Debug|Any CPU.Build.0 = Debug|Any CPU
		{BF8F0D71-01A4-4E33-8CF7-09D5804F4223}.Release|Any CPU.ActiveCfg = Release|Any CPU
		{BF8F0D71-01A4-4E33-8CF7-09D5804F4223}.Release|Any CPU.Build.0 = Release|Any CPU
		{F3209AD5-2EA6-4F66-9146-29B21E516E6B}.Debug|Any CPU.ActiveCfg = Debug|Any CPU
		{F3209AD5-2EA6-4F66-9146-29B21E516E6B}.Debug|Any CPU.Build.0 = Debug|Any CPU
		{F3209AD5-2EA6-4F66-9146-29B21E516E6B}.Release|Any CPU.ActiveCfg = Release|Any CPU
		{F3209AD5-2EA6-4F66-9146-29B21E516E6B}.Release|Any CPU.Build.0 = Release|Any CPU
		{1CDDEE69-4BB8-4028-AB74-31B36435B8CB}.Debug|Any CPU.ActiveCfg = Debug|Any CPU
		{1CDDEE69-4BB8-4028-AB74-31B36435B8CB}.Debug|Any CPU.Build.0 = Debug|Any CPU
		{1CDDEE69-4BB8-4028-AB74-31B36435B8CB}.Release|Any CPU.ActiveCfg = Release|Any CPU
		{1CDDEE69-4BB8-4028-AB74-31B36435B8CB}.Release|Any CPU.Build.0 = Release|Any CPU
		{21E8D2C5-C8F5-44FA-AB53-C885D3E94EA7}.Debug|Any CPU.ActiveCfg = Debug|Any CPU
		{21E8D2C5-C8F5-44FA-AB53-C885D3E94EA7}.Debug|Any CPU.Build.0 = Debug|Any CPU
		{21E8D2C5-C8F5-44FA-AB53-C885D3E94EA7}.Release|Any CPU.ActiveCfg = Release|Any CPU
		{21E8D2C5-C8F5-44FA-AB53-C885D3E94EA7}.Release|Any CPU.Build.0 = Release|Any CPU
		{8DA7F010-AB0A-4FC6-BE8D-16DFFB7B186C}.Debug|Any CPU.ActiveCfg = Debug|Any CPU
		{8DA7F010-AB0A-4FC6-BE8D-16DFFB7B186C}.Debug|Any CPU.Build.0 = Debug|Any CPU
		{8DA7F010-AB0A-4FC6-BE8D-16DFFB7B186C}.Release|Any CPU.ActiveCfg = Release|Any CPU
		{8DA7F010-AB0A-4FC6-BE8D-16DFFB7B186C}.Release|Any CPU.Build.0 = Release|Any CPU
		{1BAAFBF3-DA87-45F5-B492-B1F7393B9BEB}.Debug|Any CPU.ActiveCfg = Debug|Any CPU
		{1BAAFBF3-DA87-45F5-B492-B1F7393B9BEB}.Debug|Any CPU.Build.0 = Debug|Any CPU
		{1BAAFBF3-DA87-45F5-B492-B1F7393B9BEB}.Release|Any CPU.ActiveCfg = Release|Any CPU
		{1BAAFBF3-DA87-45F5-B492-B1F7393B9BEB}.Release|Any CPU.Build.0 = Release|Any CPU
		{144D25FF-CB3E-4C11-8D1B-DD7AC4ACA0C8}.Debug|Any CPU.ActiveCfg = Debug|Any CPU
		{144D25FF-CB3E-4C11-8D1B-DD7AC4ACA0C8}.Debug|Any CPU.Build.0 = Debug|Any CPU
		{144D25FF-CB3E-4C11-8D1B-DD7AC4ACA0C8}.Release|Any CPU.ActiveCfg = Release|Any CPU
		{144D25FF-CB3E-4C11-8D1B-DD7AC4ACA0C8}.Release|Any CPU.Build.0 = Release|Any CPU
		{24EEA433-01E8-439D-8B70-69F8B3F875CB}.Debug|Any CPU.ActiveCfg = Debug|Any CPU
		{24EEA433-01E8-439D-8B70-69F8B3F875CB}.Debug|Any CPU.Build.0 = Debug|Any CPU
		{24EEA433-01E8-439D-8B70-69F8B3F875CB}.Release|Any CPU.ActiveCfg = Release|Any CPU
		{24EEA433-01E8-439D-8B70-69F8B3F875CB}.Release|Any CPU.Build.0 = Release|Any CPU
	EndGlobalSection
	GlobalSection(SolutionProperties) = preSolution
		HideSolutionNode = FALSE
	EndGlobalSection
	GlobalSection(ExtensibilityGlobals) = postSolution
		SolutionGuid = {870FAB82-A2B4-44A3-AEED-4C6CBF6277B9}
	EndGlobalSection
EndGlobal
